
Microsoft Visual Studio Solution File, Format Version 12.00
# Visual Studio Version 16
VisualStudioVersion = 16.0.29519.181
MinimumVisualStudioVersion = 10.0.40219.1
Project("{2150E333-8FDC-42A3-9474-1A3956D46DE8}") = "RvtSDK", "RvtSDK", "{E5F25660-4953-45BE-8723-FB1E282D9624}"
EndProject
Project("{2150E333-8FDC-42A3-9474-1A3956D46DE8}") = "Geometry", "Geometry", "{FF6AA619-633B-4755-95D4-48CD6FA76D42}"
EndProject
Project("{2150E333-8FDC-42A3-9474-1A3956D46DE8}") = "Parameters", "Parameters", "{9545F8FC-D22F-46CB-9E8A-33EA3EBDEF44}"
EndProject
Project("{2150E333-8FDC-42A3-9474-1A3956D46DE8}") = "Elements", "Elements", "{957C094A-3297-44D8-8055-8DA1B3E2C0AB}"
EndProject
Project("{2150E333-8FDC-42A3-9474-1A3956D46DE8}") = "Families", "Families", "{F76219AA-42A1-4316-B1A5-47D8DBDC2152}"
EndProject
Project("{2150E333-8FDC-42A3-9474-1A3956D46DE8}") = "Views", "Views", "{618EB1D3-792E-4989-8B3C-284D9F760E70}"
EndProject
Project("{2150E333-8FDC-42A3-9474-1A3956D46DE8}") = "RoomsSpaces", "RoomsSpaces", "{9528A063-1D47-4932-AE99-F6907C93D135}"
EndProject
Project("{2150E333-8FDC-42A3-9474-1A3956D46DE8}") = "DataExchange", "DataExchange", "{A704F7D0-A27A-48D5-B696-49400F04D1FD}"
EndProject
Project("{2150E333-8FDC-42A3-9474-1A3956D46DE8}") = "MEP", "MEP", "{35889939-C834-4695-A9BF-EC57890ABD83}"
EndProject
Project("{FAE04EC0-301F-11D3-BF4B-00C04F79EFBC}") = "AvoidObstruction", "RvtSDK\MEP\AvoidObstruction\AvoidObstruction.csproj", "{6255F2AB-A422-4793-B726-9D995C3FBF5E}"
EndProject
Project("{FAE04EC0-301F-11D3-BF4B-00C04F79EFBC}") = "AutoRoute", "RvtSDK\MEP\AutoRoute\AutoRoute.csproj", "{16E15EF3-F3F8-4FDB-9352-CB30677267DA}"
EndProject
Project("{FAE04EC0-301F-11D3-BF4B-00C04F79EFBC}") = "CreateFillPattern", "RvtSDK\Elements\CreateFillPattern\CreateFillPattern.csproj", "{02812AD5-9F8A-4633-8F38-0A109F7BA1F0}"
EndProject
Project("{2150E333-8FDC-42A3-9474-1A3956D46DE8}") = "Basics", "Basics", "{A9DE326D-E88B-4EA8-951D-9C39E8E8EFF6}"
EndProject
Project("{FAE04EC0-301F-11D3-BF4B-00C04F79EFBC}") = "CancelSave", "RvtSDK\Basics\CancelSave\CancelSave.csproj", "{8EB36F95-112D-478B-A80D-C442187D2D7F}"
EndProject
Project("{FAE04EC0-301F-11D3-BF4B-00C04F79EFBC}") = "PowerCircuit", "RvtSDK\MEP\PowerCircuit\PowerCircuit.csproj", "{3927C1EA-8990-4399-833C-EAC3D6858C9C}"
EndProject
Project("{FAE04EC0-301F-11D3-BF4B-00C04F79EFBC}") = "ExtensibleStorageDemo", "RvtSDK\Elements\ExtensibleStorageDemo\ExtensibleStorageDemo.csproj", "{F9B00633-6AA9-47A6-ACEA-7F74407B9EA4}"
EndProject
Project("{2150E333-8FDC-42A3-9474-1A3956D46DE8}") = "Tests", "Tests", "{E8B0E563-31B7-4D5B-9D5B-C1FC3A750561}"
EndProject
Project("{FAE04EC0-301F-11D3-BF4B-00C04F79EFBC}") = "GeometryTest", "RvtSDK\Tests\GeometryTest\GeometryTest.csproj", "{DABEBBA0-FC3B-4663-BDD3-8D6BEDD6207C}"
EndProject
Project("{FAE04EC0-301F-11D3-BF4B-00C04F79EFBC}") = "PostCommandWorkflow", "RvtSDK\Basics\PostCommandWorkflow\PostCommandWorkflow.csproj", "{6FB9374D-26EF-4AC3-A89D-7BDEE7C8B800}"
EndProject
Project("{FAE04EC0-301F-11D3-BF4B-00C04F79EFBC}") = "FindColumns", "RvtSDK\Geometry\FindColumns\FindColumns.csproj", "{E0EDCFD7-7428-45E3-9328-18DAAAC1CDAE}"
EndProject
Project("{FAE04EC0-301F-11D3-BF4B-00C04F79EFBC}") = "DirectionCalculation", "RvtSDK\Geometry\DirectionCalculation\DirectionCalculation.csproj", "{CF93350A-4D35-4866-B37F-C9A6D30879CE}"
EndProject
Project("{FAE04EC0-301F-11D3-BF4B-00C04F79EFBC}") = "DistanceToSurfaces", "RvtSDK\Geometry\DistanceToSurfaces\DistanceToSurfaces.csproj", "{206649E6-B445-4C9F-83F9-E2633508F75C}"
EndProject
Project("{FAE04EC0-301F-11D3-BF4B-00C04F79EFBC}") = "DistanceToPanels", "RvtSDK\Geometry\DistanceToPanels\DistanceToPanels.csproj", "{AC20E9DA-9BD2-44F4-A5B7-0CB3BD286851}"
EndProject
Project("{FAE04EC0-301F-11D3-BF4B-00C04F79EFBC}") = "AutoUpdate", "RvtSDK\Basics\AutoUpdate\AutoUpdate.csproj", "{78E7BC9A-6A11-4EDF-B297-BC19496F83BD}"
EndProject
Project("{FAE04EC0-301F-11D3-BF4B-00C04F79EFBC}") = "DynamicModelUpdate", "RvtSDK\Geometry\DynamicModelUpdate\DynamicModelUpdate.csproj", "{A7AD6998-3CC4-4F43-82B2-5D28823F9A25}"
EndProject
Project("{2150E333-8FDC-42A3-9474-1A3956D46DE8}") = "DotNetLibraries", "DotNetLibraries", "{80356263-4093-4D3C-9EB9-F41BE93156A5}"
EndProject
Project("{FAE04EC0-301F-11D3-BF4B-00C04F79EFBC}") = "StreamDemo", "DotNetLibraries\StreamDemo\StreamDemo.csproj", "{CD3ECD35-4C7B-4BF4-BAD6-451CA3D4E4A8}"
EndProject
Project("{FAE04EC0-301F-11D3-BF4B-00C04F79EFBC}") = "LinqDemo", "DotNetLibraries\LinqDemo\LinqDemo.csproj", "{89B953B4-6980-4733-B67C-25E6EE2D4221}"
EndProject
Project("{FAE04EC0-301F-11D3-BF4B-00C04F79EFBC}") = "ProjectPositionTest", "RvtSDK\Tests\ProjectPositionTest\ProjectPositionTest.csproj", "{ADC0A161-9D8F-44E9-BD3D-4763D96CCA02}"
EndProject
Project("{FAE04EC0-301F-11D3-BF4B-00C04F79EFBC}") = "PathOfTravel", "RvtSDK\Views\PathOfTravel\PathOfTravel.csproj", "{3FD180D3-C121-4777-A95C-D961329E38DC}"
EndProject
Project("{FAE04EC0-301F-11D3-BF4B-00C04F79EFBC}") = "NunitDemo", "DotNetLibraries\NunitDemo\NunitDemo.csproj", "{C2D40257-901B-45C8-B44B-29D20A043345}"
EndProject
Project("{FAE04EC0-301F-11D3-BF4B-00C04F79EFBC}") = "NunitDemo.Test", "DotNetLibraries\NunitDemo.Test\NunitDemo.Test.csproj", "{DAEEE0BB-05E2-41EC-81D8-486D60A389C6}"
EndProject
Project("{FAE04EC0-301F-11D3-BF4B-00C04F79EFBC}") = "Json.NetDemo", "DotNetLibraries\Json.NetDemo\Json.NetDemo.csproj", "{53536F73-B4E3-4BEA-8DA2-42B9FEF20B44}"
EndProject
Project("{FAE04EC0-301F-11D3-BF4B-00C04F79EFBC}") = "AsyncDemo", "DotNetLibraries\AsyncDemo\AsyncDemo.csproj", "{DA397655-A3E9-464A-B385-0D134E00151C}"
EndProject
Project("{FAE04EC0-301F-11D3-BF4B-00C04F79EFBC}") = "Log4NetDemo", "DotNetLibraries\Log4NetDemo\Log4NetDemo.csproj", "{5F62BA95-EDD9-401F-B68A-0FB19B95EE45}"
EndProject
Project("{FAE04EC0-301F-11D3-BF4B-00C04F79EFBC}") = "ErrorHanding", "RvtSDK\Basics\ErrorHanding\ErrorHanding.csproj", "{EA838268-4F69-43D7-B254-DF1ECCFFDB65}"
EndProject
Global
	GlobalSection(SolutionConfigurationPlatforms) = preSolution
		Debug|Any CPU = Debug|Any CPU
		Release|Any CPU = Release|Any CPU
	EndGlobalSection
	GlobalSection(ProjectConfigurationPlatforms) = postSolution
		{6255F2AB-A422-4793-B726-9D995C3FBF5E}.Debug|Any CPU.ActiveCfg = Debug|Any CPU
		{6255F2AB-A422-4793-B726-9D995C3FBF5E}.Debug|Any CPU.Build.0 = Debug|Any CPU
		{6255F2AB-A422-4793-B726-9D995C3FBF5E}.Release|Any CPU.ActiveCfg = Release|Any CPU
		{6255F2AB-A422-4793-B726-9D995C3FBF5E}.Release|Any CPU.Build.0 = Release|Any CPU
		{16E15EF3-F3F8-4FDB-9352-CB30677267DA}.Debug|Any CPU.ActiveCfg = Debug|Any CPU
		{16E15EF3-F3F8-4FDB-9352-CB30677267DA}.Debug|Any CPU.Build.0 = Debug|Any CPU
		{16E15EF3-F3F8-4FDB-9352-CB30677267DA}.Release|Any CPU.ActiveCfg = Release|Any CPU
		{16E15EF3-F3F8-4FDB-9352-CB30677267DA}.Release|Any CPU.Build.0 = Release|Any CPU
		{02812AD5-9F8A-4633-8F38-0A109F7BA1F0}.Debug|Any CPU.ActiveCfg = Debug|Any CPU
		{02812AD5-9F8A-4633-8F38-0A109F7BA1F0}.Debug|Any CPU.Build.0 = Debug|Any CPU
		{02812AD5-9F8A-4633-8F38-0A109F7BA1F0}.Release|Any CPU.ActiveCfg = Release|Any CPU
		{02812AD5-9F8A-4633-8F38-0A109F7BA1F0}.Release|Any CPU.Build.0 = Release|Any CPU
		{8EB36F95-112D-478B-A80D-C442187D2D7F}.Debug|Any CPU.ActiveCfg = Debug|Any CPU
		{8EB36F95-112D-478B-A80D-C442187D2D7F}.Debug|Any CPU.Build.0 = Debug|Any CPU
		{8EB36F95-112D-478B-A80D-C442187D2D7F}.Release|Any CPU.ActiveCfg = Release|Any CPU
		{8EB36F95-112D-478B-A80D-C442187D2D7F}.Release|Any CPU.Build.0 = Release|Any CPU
		{3927C1EA-8990-4399-833C-EAC3D6858C9C}.Debug|Any CPU.ActiveCfg = Debug|Any CPU
		{3927C1EA-8990-4399-833C-EAC3D6858C9C}.Debug|Any CPU.Build.0 = Debug|Any CPU
		{3927C1EA-8990-4399-833C-EAC3D6858C9C}.Release|Any CPU.ActiveCfg = Release|Any CPU
		{3927C1EA-8990-4399-833C-EAC3D6858C9C}.Release|Any CPU.Build.0 = Release|Any CPU
		{F9B00633-6AA9-47A6-ACEA-7F74407B9EA4}.Debug|Any CPU.ActiveCfg = Debug|Any CPU
		{F9B00633-6AA9-47A6-ACEA-7F74407B9EA4}.Debug|Any CPU.Build.0 = Debug|Any CPU
		{F9B00633-6AA9-47A6-ACEA-7F74407B9EA4}.Release|Any CPU.ActiveCfg = Release|Any CPU
		{F9B00633-6AA9-47A6-ACEA-7F74407B9EA4}.Release|Any CPU.Build.0 = Release|Any CPU
		{DABEBBA0-FC3B-4663-BDD3-8D6BEDD6207C}.Debug|Any CPU.ActiveCfg = Debug|Any CPU
		{DABEBBA0-FC3B-4663-BDD3-8D6BEDD6207C}.Debug|Any CPU.Build.0 = Debug|Any CPU
		{DABEBBA0-FC3B-4663-BDD3-8D6BEDD6207C}.Release|Any CPU.ActiveCfg = Release|Any CPU
		{DABEBBA0-FC3B-4663-BDD3-8D6BEDD6207C}.Release|Any CPU.Build.0 = Release|Any CPU
		{6FB9374D-26EF-4AC3-A89D-7BDEE7C8B800}.Debug|Any CPU.ActiveCfg = Debug|Any CPU
		{6FB9374D-26EF-4AC3-A89D-7BDEE7C8B800}.Debug|Any CPU.Build.0 = Debug|Any CPU
		{6FB9374D-26EF-4AC3-A89D-7BDEE7C8B800}.Release|Any CPU.ActiveCfg = Release|Any CPU
		{6FB9374D-26EF-4AC3-A89D-7BDEE7C8B800}.Release|Any CPU.Build.0 = Release|Any CPU
		{E0EDCFD7-7428-45E3-9328-18DAAAC1CDAE}.Debug|Any CPU.ActiveCfg = Debug|Any CPU
		{E0EDCFD7-7428-45E3-9328-18DAAAC1CDAE}.Debug|Any CPU.Build.0 = Debug|Any CPU
		{E0EDCFD7-7428-45E3-9328-18DAAAC1CDAE}.Release|Any CPU.ActiveCfg = Release|Any CPU
		{E0EDCFD7-7428-45E3-9328-18DAAAC1CDAE}.Release|Any CPU.Build.0 = Release|Any CPU
		{CF93350A-4D35-4866-B37F-C9A6D30879CE}.Debug|Any CPU.ActiveCfg = Debug|Any CPU
		{CF93350A-4D35-4866-B37F-C9A6D30879CE}.Debug|Any CPU.Build.0 = Debug|Any CPU
		{CF93350A-4D35-4866-B37F-C9A6D30879CE}.Release|Any CPU.ActiveCfg = Release|Any CPU
		{CF93350A-4D35-4866-B37F-C9A6D30879CE}.Release|Any CPU.Build.0 = Release|Any CPU
		{206649E6-B445-4C9F-83F9-E2633508F75C}.Debug|Any CPU.ActiveCfg = Debug|Any CPU
		{206649E6-B445-4C9F-83F9-E2633508F75C}.Debug|Any CPU.Build.0 = Debug|Any CPU
		{206649E6-B445-4C9F-83F9-E2633508F75C}.Release|Any CPU.ActiveCfg = Release|Any CPU
		{206649E6-B445-4C9F-83F9-E2633508F75C}.Release|Any CPU.Build.0 = Release|Any CPU
		{AC20E9DA-9BD2-44F4-A5B7-0CB3BD286851}.Debug|Any CPU.ActiveCfg = Debug|Any CPU
		{AC20E9DA-9BD2-44F4-A5B7-0CB3BD286851}.Debug|Any CPU.Build.0 = Debug|Any CPU
		{AC20E9DA-9BD2-44F4-A5B7-0CB3BD286851}.Release|Any CPU.ActiveCfg = Release|Any CPU
		{AC20E9DA-9BD2-44F4-A5B7-0CB3BD286851}.Release|Any CPU.Build.0 = Release|Any CPU
		{78E7BC9A-6A11-4EDF-B297-BC19496F83BD}.Debug|Any CPU.ActiveCfg = Debug|Any CPU
		{78E7BC9A-6A11-4EDF-B297-BC19496F83BD}.Debug|Any CPU.Build.0 = Debug|Any CPU
		{78E7BC9A-6A11-4EDF-B297-BC19496F83BD}.Release|Any CPU.ActiveCfg = Release|Any CPU
		{78E7BC9A-6A11-4EDF-B297-BC19496F83BD}.Release|Any CPU.Build.0 = Release|Any CPU
		{A7AD6998-3CC4-4F43-82B2-5D28823F9A25}.Debug|Any CPU.ActiveCfg = Debug|Any CPU
		{A7AD6998-3CC4-4F43-82B2-5D28823F9A25}.Debug|Any CPU.Build.0 = Debug|Any CPU
		{A7AD6998-3CC4-4F43-82B2-5D28823F9A25}.Release|Any CPU.ActiveCfg = Release|Any CPU
		{A7AD6998-3CC4-4F43-82B2-5D28823F9A25}.Release|Any CPU.Build.0 = Release|Any CPU
		{CD3ECD35-4C7B-4BF4-BAD6-451CA3D4E4A8}.Debug|Any CPU.ActiveCfg = Debug|Any CPU
		{CD3ECD35-4C7B-4BF4-BAD6-451CA3D4E4A8}.Debug|Any CPU.Build.0 = Debug|Any CPU
		{CD3ECD35-4C7B-4BF4-BAD6-451CA3D4E4A8}.Release|Any CPU.ActiveCfg = Release|Any CPU
		{CD3ECD35-4C7B-4BF4-BAD6-451CA3D4E4A8}.Release|Any CPU.Build.0 = Release|Any CPU
		{89B953B4-6980-4733-B67C-25E6EE2D4221}.Debug|Any CPU.ActiveCfg = Debug|Any CPU
		{89B953B4-6980-4733-B67C-25E6EE2D4221}.Debug|Any CPU.Build.0 = Debug|Any CPU
		{89B953B4-6980-4733-B67C-25E6EE2D4221}.Release|Any CPU.ActiveCfg = Release|Any CPU
		{89B953B4-6980-4733-B67C-25E6EE2D4221}.Release|Any CPU.Build.0 = Release|Any CPU
		{ADC0A161-9D8F-44E9-BD3D-4763D96CCA02}.Debug|Any CPU.ActiveCfg = Debug|Any CPU
		{ADC0A161-9D8F-44E9-BD3D-4763D96CCA02}.Debug|Any CPU.Build.0 = Debug|Any CPU
		{ADC0A161-9D8F-44E9-BD3D-4763D96CCA02}.Release|Any CPU.ActiveCfg = Release|Any CPU
		{ADC0A161-9D8F-44E9-BD3D-4763D96CCA02}.Release|Any CPU.Build.0 = Release|Any CPU
		{3FD180D3-C121-4777-A95C-D961329E38DC}.Debug|Any CPU.ActiveCfg = Debug|Any CPU
		{3FD180D3-C121-4777-A95C-D961329E38DC}.Debug|Any CPU.Build.0 = Debug|Any CPU
		{3FD180D3-C121-4777-A95C-D961329E38DC}.Release|Any CPU.ActiveCfg = Release|Any CPU
		{3FD180D3-C121-4777-A95C-D961329E38DC}.Release|Any CPU.Build.0 = Release|Any CPU
		{C2D40257-901B-45C8-B44B-29D20A043345}.Debug|Any CPU.ActiveCfg = Debug|Any CPU
		{C2D40257-901B-45C8-B44B-29D20A043345}.Debug|Any CPU.Build.0 = Debug|Any CPU
		{C2D40257-901B-45C8-B44B-29D20A043345}.Release|Any CPU.ActiveCfg = Release|Any CPU
		{C2D40257-901B-45C8-B44B-29D20A043345}.Release|Any CPU.Build.0 = Release|Any CPU
		{DAEEE0BB-05E2-41EC-81D8-486D60A389C6}.Debug|Any CPU.ActiveCfg = Debug|Any CPU
		{DAEEE0BB-05E2-41EC-81D8-486D60A389C6}.Debug|Any CPU.Build.0 = Debug|Any CPU
		{DAEEE0BB-05E2-41EC-81D8-486D60A389C6}.Release|Any CPU.ActiveCfg = Release|Any CPU
		{DAEEE0BB-05E2-41EC-81D8-486D60A389C6}.Release|Any CPU.Build.0 = Release|Any CPU
		{53536F73-B4E3-4BEA-8DA2-42B9FEF20B44}.Debug|Any CPU.ActiveCfg = Debug|Any CPU
		{53536F73-B4E3-4BEA-8DA2-42B9FEF20B44}.Debug|Any CPU.Build.0 = Debug|Any CPU
		{53536F73-B4E3-4BEA-8DA2-42B9FEF20B44}.Release|Any CPU.ActiveCfg = Release|Any CPU
		{53536F73-B4E3-4BEA-8DA2-42B9FEF20B44}.Release|Any CPU.Build.0 = Release|Any CPU
		{DA397655-A3E9-464A-B385-0D134E00151C}.Debug|Any CPU.ActiveCfg = Debug|Any CPU
		{DA397655-A3E9-464A-B385-0D134E00151C}.Debug|Any CPU.Build.0 = Debug|Any CPU
		{DA397655-A3E9-464A-B385-0D134E00151C}.Release|Any CPU.ActiveCfg = Release|Any CPU
		{DA397655-A3E9-464A-B385-0D134E00151C}.Release|Any CPU.Build.0 = Release|Any CPU
		{5F62BA95-EDD9-401F-B68A-0FB19B95EE45}.Debug|Any CPU.ActiveCfg = Debug|Any CPU
		{5F62BA95-EDD9-401F-B68A-0FB19B95EE45}.Debug|Any CPU.Build.0 = Debug|Any CPU
		{5F62BA95-EDD9-401F-B68A-0FB19B95EE45}.Release|Any CPU.ActiveCfg = Release|Any CPU
		{5F62BA95-EDD9-401F-B68A-0FB19B95EE45}.Release|Any CPU.Build.0 = Release|Any CPU
		{EA838268-4F69-43D7-B254-DF1ECCFFDB65}.Debug|Any CPU.ActiveCfg = Debug|Any CPU
		{EA838268-4F69-43D7-B254-DF1ECCFFDB65}.Debug|Any CPU.Build.0 = Debug|Any CPU
		{EA838268-4F69-43D7-B254-DF1ECCFFDB65}.Release|Any CPU.ActiveCfg = Release|Any CPU
		{EA838268-4F69-43D7-B254-DF1ECCFFDB65}.Release|Any CPU.Build.0 = Release|Any CPU
	EndGlobalSection
	GlobalSection(SolutionProperties) = preSolution
		HideSolutionNode = FALSE
	EndGlobalSection
	GlobalSection(NestedProjects) = preSolution
		{FF6AA619-633B-4755-95D4-48CD6FA76D42} = {E5F25660-4953-45BE-8723-FB1E282D9624}
		{9545F8FC-D22F-46CB-9E8A-33EA3EBDEF44} = {E5F25660-4953-45BE-8723-FB1E282D9624}
		{957C094A-3297-44D8-8055-8DA1B3E2C0AB} = {E5F25660-4953-45BE-8723-FB1E282D9624}
		{F76219AA-42A1-4316-B1A5-47D8DBDC2152} = {E5F25660-4953-45BE-8723-FB1E282D9624}
		{618EB1D3-792E-4989-8B3C-284D9F760E70} = {E5F25660-4953-45BE-8723-FB1E282D9624}
		{9528A063-1D47-4932-AE99-F6907C93D135} = {E5F25660-4953-45BE-8723-FB1E282D9624}
		{A704F7D0-A27A-48D5-B696-49400F04D1FD} = {E5F25660-4953-45BE-8723-FB1E282D9624}
		{35889939-C834-4695-A9BF-EC57890ABD83} = {E5F25660-4953-45BE-8723-FB1E282D9624}
		{6255F2AB-A422-4793-B726-9D995C3FBF5E} = {35889939-C834-4695-A9BF-EC57890ABD83}
		{16E15EF3-F3F8-4FDB-9352-CB30677267DA} = {35889939-C834-4695-A9BF-EC57890ABD83}
		{02812AD5-9F8A-4633-8F38-0A109F7BA1F0} = {957C094A-3297-44D8-8055-8DA1B3E2C0AB}
		{A9DE326D-E88B-4EA8-951D-9C39E8E8EFF6} = {E5F25660-4953-45BE-8723-FB1E282D9624}
		{8EB36F95-112D-478B-A80D-C442187D2D7F} = {A9DE326D-E88B-4EA8-951D-9C39E8E8EFF6}
		{3927C1EA-8990-4399-833C-EAC3D6858C9C} = {35889939-C834-4695-A9BF-EC57890ABD83}
		{F9B00633-6AA9-47A6-ACEA-7F74407B9EA4} = {957C094A-3297-44D8-8055-8DA1B3E2C0AB}
		{E8B0E563-31B7-4D5B-9D5B-C1FC3A750561} = {E5F25660-4953-45BE-8723-FB1E282D9624}
		{DABEBBA0-FC3B-4663-BDD3-8D6BEDD6207C} = {E8B0E563-31B7-4D5B-9D5B-C1FC3A750561}
		{6FB9374D-26EF-4AC3-A89D-7BDEE7C8B800} = {A9DE326D-E88B-4EA8-951D-9C39E8E8EFF6}
		{E0EDCFD7-7428-45E3-9328-18DAAAC1CDAE} = {FF6AA619-633B-4755-95D4-48CD6FA76D42}
		{CF93350A-4D35-4866-B37F-C9A6D30879CE} = {FF6AA619-633B-4755-95D4-48CD6FA76D42}
		{206649E6-B445-4C9F-83F9-E2633508F75C} = {FF6AA619-633B-4755-95D4-48CD6FA76D42}
		{AC20E9DA-9BD2-44F4-A5B7-0CB3BD286851} = {FF6AA619-633B-4755-95D4-48CD6FA76D42}
		{78E7BC9A-6A11-4EDF-B297-BC19496F83BD} = {A9DE326D-E88B-4EA8-951D-9C39E8E8EFF6}
		{A7AD6998-3CC4-4F43-82B2-5D28823F9A25} = {FF6AA619-633B-4755-95D4-48CD6FA76D42}
		{CD3ECD35-4C7B-4BF4-BAD6-451CA3D4E4A8} = {80356263-4093-4D3C-9EB9-F41BE93156A5}
		{89B953B4-6980-4733-B67C-25E6EE2D4221} = {80356263-4093-4D3C-9EB9-F41BE93156A5}
		{ADC0A161-9D8F-44E9-BD3D-4763D96CCA02} = {E8B0E563-31B7-4D5B-9D5B-C1FC3A750561}
		{3FD180D3-C121-4777-A95C-D961329E38DC} = {618EB1D3-792E-4989-8B3C-284D9F760E70}
		{C2D40257-901B-45C8-B44B-29D20A043345} = {80356263-4093-4D3C-9EB9-F41BE93156A5}
		{DAEEE0BB-05E2-41EC-81D8-486D60A389C6} = {80356263-4093-4D3C-9EB9-F41BE93156A5}
		{53536F73-B4E3-4BEA-8DA2-42B9FEF20B44} = {80356263-4093-4D3C-9EB9-F41BE93156A5}
		{DA397655-A3E9-464A-B385-0D134E00151C} = {80356263-4093-4D3C-9EB9-F41BE93156A5}
		{5F62BA95-EDD9-401F-B68A-0FB19B95EE45} = {80356263-4093-4D3C-9EB9-F41BE93156A5}
		{EA838268-4F69-43D7-B254-DF1ECCFFDB65} = {A9DE326D-E88B-4EA8-951D-9C39E8E8EFF6}
	EndGlobalSection
	GlobalSection(ExtensibilityGlobals) = postSolution
		SolutionGuid = {9D338482-3070-47EB-AECB-9200B5C008A0}
	EndGlobalSection
EndGlobal
